
Microsoft Visual Studio Solution File, Format Version 12.00
# Visual Studio 15
VisualStudioVersion = 15.0.28307.572
MinimumVisualStudioVersion = 10.0.40219.1
Project("{2150E333-8FDC-42A3-9474-1A3956D46DE8}") = "1 - Services", "1 - Services", "{61F0066F-769A-4C13-9C95-8CE7463F98D7}"
EndProject
Project("{FAE04EC0-301F-11D3-BF4B-00C04F79EFBC}") = "DeveloperTest.Services.Api", "src\DeveloperTest.Services.Api\DeveloperTest.Services.Api.csproj", "{8B40DC13-78DB-4B6A-804A-473E80CC7AC3}"
EndProject
Project("{2150E333-8FDC-42A3-9474-1A3956D46DE8}") = "2 - Web", "2 - Web", "{813B2543-6FB9-49EF-88B7-CC1EDEAF260C}"
EndProject
Project("{2150E333-8FDC-42A3-9474-1A3956D46DE8}") = "4 - Tools", "4 - Tools", "{E57F740C-4F9B-40B3-ACC1-07ADD4E8C6D3}"
EndProject
Project("{2150E333-8FDC-42A3-9474-1A3956D46DE8}") = "3 - Domain", "3 - Domain", "{94F63A89-35DD-4FCE-8DA9-6868FF49AD46}"
EndProject
Project("{FAE04EC0-301F-11D3-BF4B-00C04F79EFBC}") = "DeveloperTest.Domain", "src\DeveloperTest.Domain\DeveloperTest.Domain.csproj", "{18035997-A6CC-4CA4-9B94-02446E72AF16}"
EndProject
Project("{FAE04EC0-301F-11D3-BF4B-00C04F79EFBC}") = "DeveloperTest.Tools.Csv", "src\DeveloperTest.Tools.Csv\DeveloperTest.Tools.Csv.csproj", "{1B647471-FC61-4BA2-BD48-C9DB1659C336}"
EndProject
Project("{FAE04EC0-301F-11D3-BF4B-00C04F79EFBC}") = "DeveloperTest.Web", "src\DeveloperTest.Web\DeveloperTest.Web.csproj", "{1B2AC851-ADF5-439D-95B9-C9FE269C4EDE}"
EndProject
Global
	GlobalSection(SolutionConfigurationPlatforms) = preSolution
		Debug|Any CPU = Debug|Any CPU
		Release|Any CPU = Release|Any CPU
	EndGlobalSection
	GlobalSection(ProjectConfigurationPlatforms) = postSolution
		{8B40DC13-78DB-4B6A-804A-473E80CC7AC3}.Debug|Any CPU.ActiveCfg = Debug|Any CPU
		{8B40DC13-78DB-4B6A-804A-473E80CC7AC3}.Debug|Any CPU.Build.0 = Debug|Any CPU
		{8B40DC13-78DB-4B6A-804A-473E80CC7AC3}.Release|Any CPU.ActiveCfg = Release|Any CPU
		{8B40DC13-78DB-4B6A-804A-473E80CC7AC3}.Release|Any CPU.Build.0 = Release|Any CPU
		{18035997-A6CC-4CA4-9B94-02446E72AF16}.Debug|Any CPU.ActiveCfg = Debug|Any CPU
		{18035997-A6CC-4CA4-9B94-02446E72AF16}.Debug|Any CPU.Build.0 = Debug|Any CPU
		{18035997-A6CC-4CA4-9B94-02446E72AF16}.Release|Any CPU.ActiveCfg = Release|Any CPU
		{18035997-A6CC-4CA4-9B94-02446E72AF16}.Release|Any CPU.Build.0 = Release|Any CPU
		{1B647471-FC61-4BA2-BD48-C9DB1659C336}.Debug|Any CPU.ActiveCfg = Debug|Any CPU
		{1B647471-FC61-4BA2-BD48-C9DB1659C336}.Debug|Any CPU.Build.0 = Debug|Any CPU
		{1B647471-FC61-4BA2-BD48-C9DB1659C336}.Release|Any CPU.ActiveCfg = Release|Any CPU
		{1B647471-FC61-4BA2-BD48-C9DB1659C336}.Release|Any CPU.Build.0 = Release|Any CPU
		{1B2AC851-ADF5-439D-95B9-C9FE269C4EDE}.Debug|Any CPU.ActiveCfg = Debug|Any CPU
		{1B2AC851-ADF5-439D-95B9-C9FE269C4EDE}.Debug|Any CPU.Build.0 = Debug|Any CPU
		{1B2AC851-ADF5-439D-95B9-C9FE269C4EDE}.Release|Any CPU.ActiveCfg = Release|Any CPU
		{1B2AC851-ADF5-439D-95B9-C9FE269C4EDE}.Release|Any CPU.Build.0 = Release|Any CPU
	EndGlobalSection
	GlobalSection(SolutionProperties) = preSolution
		HideSolutionNode = FALSE
	EndGlobalSection
	GlobalSection(NestedProjects) = preSolution
		{8B40DC13-78DB-4B6A-804A-473E80CC7AC3} = {61F0066F-769A-4C13-9C95-8CE7463F98D7}
		{18035997-A6CC-4CA4-9B94-02446E72AF16} = {94F63A89-35DD-4FCE-8DA9-6868FF49AD46}
		{1B647471-FC61-4BA2-BD48-C9DB1659C336} = {E57F740C-4F9B-40B3-ACC1-07ADD4E8C6D3}
		{1B2AC851-ADF5-439D-95B9-C9FE269C4EDE} = {813B2543-6FB9-49EF-88B7-CC1EDEAF260C}
	EndGlobalSection
	GlobalSection(ExtensibilityGlobals) = postSolution
		SolutionGuid = {E92650BE-0E4F-4993-BAB5-4FB4F8173991}
	EndGlobalSection
EndGlobal
